
Microsoft Visual Studio Solution File, Format Version 12.00
# Visual Studio Version 17
VisualStudioVersion = 17.0.31912.275
MinimumVisualStudioVersion = 10.0.40219.1
Project("{9A19103F-16F7-4668-BE54-9A1E7A4F7556}") = "IKnowTheAnswer.Application", "IKnowTheAnswer.Application\IKnowTheAnswer.Application.csproj", "{DFA57328-7DED-4BEA-87C7-C5E99A9C154A}"
EndProject
Project("{9A19103F-16F7-4668-BE54-9A1E7A4F7556}") = "IKnowTheAnswer.Core", "IKnowTheAnswer.Core\IKnowTheAnswer.Core.csproj", "{6C1D3721-F9BB-4465-85F6-F0044F742D33}"
EndProject
Project("{9A19103F-16F7-4668-BE54-9A1E7A4F7556}") = "IKnowTheAnswer.Infrastructure", "IKnowTheAnswer.Infrastructure\IKnowTheAnswer.Infrastructure.csproj", "{20080D5F-45AB-4A98-9EF2-9CF6CA0262EB}"
EndProject
Project("{9A19103F-16F7-4668-BE54-9A1E7A4F7556}") = "IKnowTheAnswer.Api", "IKnowTheAnswer.Api\IKnowTheAnswer.Api.csproj", "{9156B266-5BA9-4FD3-9E08-0D2B0BFB082B}"
EndProject
Project("{2150E333-8FDC-42A3-9474-1A3956D46DE8}") = "src", "src", "{454D9909-148E-4E48-8ABD-4AD92E270BA6}"
EndProject
Project("{2150E333-8FDC-42A3-9474-1A3956D46DE8}") = "tests", "tests", "{D336B5B2-1B55-48E1-B301-2F8480CED4A2}"
EndProject
Project("{2150E333-8FDC-42A3-9474-1A3956D46DE8}") = "presentation", "presentation", "{8562C1B8-0754-49BF-9B72-F6DD9E39B86F}"
EndProject
Project("{FAE04EC0-301F-11D3-BF4B-00C04F79EFBC}") = "IKnowTheAnswer.Presentation", "IKnowTheAnswer.Presentation\IKnowTheAnswer.Presentation.csproj", "{9EBD1029-4C31-4D2C-97A9-52FE1FD4AF4A}"
EndProject
Global
	GlobalSection(SolutionConfigurationPlatforms) = preSolution
		Debug|Any CPU = Debug|Any CPU
		Release|Any CPU = Release|Any CPU
	EndGlobalSection
	GlobalSection(ProjectConfigurationPlatforms) = postSolution
		{DFA57328-7DED-4BEA-87C7-C5E99A9C154A}.Debug|Any CPU.ActiveCfg = Debug|Any CPU
		{DFA57328-7DED-4BEA-87C7-C5E99A9C154A}.Debug|Any CPU.Build.0 = Debug|Any CPU
		{DFA57328-7DED-4BEA-87C7-C5E99A9C154A}.Release|Any CPU.ActiveCfg = Release|Any CPU
		{DFA57328-7DED-4BEA-87C7-C5E99A9C154A}.Release|Any CPU.Build.0 = Release|Any CPU
		{6C1D3721-F9BB-4465-85F6-F0044F742D33}.Debug|Any CPU.ActiveCfg = Debug|Any CPU
		{6C1D3721-F9BB-4465-85F6-F0044F742D33}.Debug|Any CPU.Build.0 = Debug|Any CPU
		{6C1D3721-F9BB-4465-85F6-F0044F742D33}.Release|Any CPU.ActiveCfg = Release|Any CPU
		{6C1D3721-F9BB-4465-85F6-F0044F742D33}.Release|Any CPU.Build.0 = Release|Any CPU
		{20080D5F-45AB-4A98-9EF2-9CF6CA0262EB}.Debug|Any CPU.ActiveCfg = Debug|Any CPU
		{20080D5F-45AB-4A98-9EF2-9CF6CA0262EB}.Debug|Any CPU.Build.0 = Debug|Any CPU
		{20080D5F-45AB-4A98-9EF2-9CF6CA0262EB}.Release|Any CPU.ActiveCfg = Release|Any CPU
		{20080D5F-45AB-4A98-9EF2-9CF6CA0262EB}.Release|Any CPU.Build.0 = Release|Any CPU
		{9156B266-5BA9-4FD3-9E08-0D2B0BFB082B}.Debug|Any CPU.ActiveCfg = Debug|Any CPU
		{9156B266-5BA9-4FD3-9E08-0D2B0BFB082B}.Debug|Any CPU.Build.0 = Debug|Any CPU
		{9156B266-5BA9-4FD3-9E08-0D2B0BFB082B}.Release|Any CPU.ActiveCfg = Release|Any CPU
		{9156B266-5BA9-4FD3-9E08-0D2B0BFB082B}.Release|Any CPU.Build.0 = Release|Any CPU
		{9EBD1029-4C31-4D2C-97A9-52FE1FD4AF4A}.Debug|Any CPU.ActiveCfg = Debug|Any CPU
		{9EBD1029-4C31-4D2C-97A9-52FE1FD4AF4A}.Debug|Any CPU.Build.0 = Debug|Any CPU
		{9EBD1029-4C31-4D2C-97A9-52FE1FD4AF4A}.Release|Any CPU.ActiveCfg = Release|Any CPU
		{9EBD1029-4C31-4D2C-97A9-52FE1FD4AF4A}.Release|Any CPU.Build.0 = Release|Any CPU
	EndGlobalSection
	GlobalSection(SolutionProperties) = preSolution
		HideSolutionNode = FALSE
	EndGlobalSection
	GlobalSection(NestedProjects) = preSolution
		{DFA57328-7DED-4BEA-87C7-C5E99A9C154A} = {454D9909-148E-4E48-8ABD-4AD92E270BA6}
		{6C1D3721-F9BB-4465-85F6-F0044F742D33} = {454D9909-148E-4E48-8ABD-4AD92E270BA6}
		{20080D5F-45AB-4A98-9EF2-9CF6CA0262EB} = {454D9909-148E-4E48-8ABD-4AD92E270BA6}
		{9156B266-5BA9-4FD3-9E08-0D2B0BFB082B} = {454D9909-148E-4E48-8ABD-4AD92E270BA6}
		{9EBD1029-4C31-4D2C-97A9-52FE1FD4AF4A} = {8562C1B8-0754-49BF-9B72-F6DD9E39B86F}
	EndGlobalSection
	GlobalSection(ExtensibilityGlobals) = postSolution
		SolutionGuid = {5B9368F4-F6E0-4B06-B0F2-113E4F15E339}
	EndGlobalSection
EndGlobal
